
Microsoft Visual Studio Solution File, Format Version 12.00
# Visual Studio Version 17
VisualStudioVersion = 17.4.33213.308
MinimumVisualStudioVersion = 10.0.40219.1
Project("{9A19103F-16F7-4668-BE54-9A1E7A4F7556}") = "BinaryHeap", "BinaryHeap.csproj", "{36E96FD2-B9C8-4595-BC96-E6BFB389E91C}"
EndProject
Project("{FAE04EC0-301F-11D3-BF4B-00C04F79EFBC}") = "TestProject1", "..\TestProject1\TestProject1.csproj", "{6BEC7BE6-9357-45FE-AB63-D5683E25F95C}"
EndProject
Global
	GlobalSection(SolutionConfigurationPlatforms) = preSolution
		Debug|Any CPU = Debug|Any CPU
		Release|Any CPU = Release|Any CPU
	EndGlobalSection
	GlobalSection(ProjectConfigurationPlatforms) = postSolution
		{36E96FD2-B9C8-4595-BC96-E6BFB389E91C}.Debug|Any CPU.ActiveCfg = Debug|Any CPU
		{36E96FD2-B9C8-4595-BC96-E6BFB389E91C}.Debug|Any CPU.Build.0 = Debug|Any CPU
		{36E96FD2-B9C8-4595-BC96-E6BFB389E91C}.Release|Any CPU.ActiveCfg = Release|Any CPU
		{36E96FD2-B9C8-4595-BC96-E6BFB389E91C}.Release|Any CPU.Build.0 = Release|Any CPU
		{6BEC7BE6-9357-45FE-AB63-D5683E25F95C}.Debug|Any CPU.ActiveCfg = Debug|Any CPU
		{6BEC7BE6-9357-45FE-AB63-D5683E25F95C}.Debug|Any CPU.Build.0 = Debug|Any CPU
		{6BEC7BE6-9357-45FE-AB63-D5683E25F95C}.Release|Any CPU.ActiveCfg = Release|Any CPU
		{6BEC7BE6-9357-45FE-AB63-D5683E25F95C}.Release|Any CPU.Build.0 = Release|Any CPU
	EndGlobalSection
	GlobalSection(SolutionProperties) = preSolution
		HideSolutionNode = FALSE
	EndGlobalSection
	GlobalSection(ExtensibilityGlobals) = postSolution
		SolutionGuid = {30FFFCA1-DE9E-4F52-BA71-6CD4D64B7813}
	EndGlobalSection
EndGlobal
